
Microsoft Visual Studio Solution File, Format Version 12.00
# Visual Studio 14
VisualStudioVersion = 14.0.25123.0
MinimumVisualStudioVersion = 10.0.40219.1
Project("{FAE04EC0-301F-11D3-BF4B-00C04F79EFBC}") = "StreamInsights", "StreamInsights\StreamInsights.csproj", "{261D8B77-DB5F-4C7C-8A5F-ABD5A14F3C41}"
EndProject
Global
	GlobalSection(SolutionConfigurationPlatforms) = preSolution
		Debug|Any CPU = Debug|Any CPU
		Release|Any CPU = Release|Any CPU
	EndGlobalSection
	GlobalSection(ProjectConfigurationPlatforms) = postSolution
		{261D8B77-DB5F-4C7C-8A5F-ABD5A14F3C41}.Debug|Any CPU.ActiveCfg = Debug|Any CPU
		{261D8B77-DB5F-4C7C-8A5F-ABD5A14F3C41}.Debug|Any CPU.Build.0 = Debug|Any CPU
		{261D8B77-DB5F-4C7C-8A5F-ABD5A14F3C41}.Release|Any CPU.ActiveCfg = Release|Any CPU
		{261D8B77-DB5F-4C7C-8A5F-ABD5A14F3C41}.Release|Any CPU.Build.0 = Release|Any CPU
	EndGlobalSection
	GlobalSection(SolutionProperties) = preSolution
		HideSolutionNode = FALSE
	EndGlobalSection
EndGlobal
